
Microsoft Visual Studio Solution File, Format Version 12.00
# Visual Studio Version 17
VisualStudioVersion = 17.14.36408.4 d17.14
MinimumVisualStudioVersion = 10.0.40219.1
Project("{FAE04EC0-301F-11D3-BF4B-00C04F79EFBC}") = "ContasAPagar.Api", "ContasAPagar.Api\ContasAPagar.Api.csproj", "{1DE871AA-1494-46FE-91C1-D47BCA72FB0F}"
	ProjectSection(ProjectDependencies) = postProject
		{02497F47-6247-4F5C-A074-D811EDCE943E} = {02497F47-6247-4F5C-A074-D811EDCE943E}
		{457B77E3-3A99-4004-BEB2-65ABF0FDEE5E} = {457B77E3-3A99-4004-BEB2-65ABF0FDEE5E}
		{D9CB1043-A291-4F86-80D3-D14B180C9C84} = {D9CB1043-A291-4F86-80D3-D14B180C9C84}
	EndProjectSection
EndProject
Project("{FAE04EC0-301F-11D3-BF4B-00C04F79EFBC}") = "ContasAPagar.Application", "ContasAPagar.Application.cs\ContasAPagar.Application.csproj", "{457B77E3-3A99-4004-BEB2-65ABF0FDEE5E}"
	ProjectSection(ProjectDependencies) = postProject
		{D9CB1043-A291-4F86-80D3-D14B180C9C84} = {D9CB1043-A291-4F86-80D3-D14B180C9C84}
	EndProjectSection
EndProject
Project("{FAE04EC0-301F-11D3-BF4B-00C04F79EFBC}") = "ContasAPagar.Domain", "ContasAPagar.Domain\ContasAPagar.Domain.csproj", "{D9CB1043-A291-4F86-80D3-D14B180C9C84}"
EndProject
Project("{FAE04EC0-301F-11D3-BF4B-00C04F79EFBC}") = "ContasAPagar.Infrastructure", "ContasAPagar.Infrastructure\ContasAPagar.Infrastructure.csproj", "{02497F47-6247-4F5C-A074-D811EDCE943E}"
	ProjectSection(ProjectDependencies) = postProject
		{457B77E3-3A99-4004-BEB2-65ABF0FDEE5E} = {457B77E3-3A99-4004-BEB2-65ABF0FDEE5E}
		{D9CB1043-A291-4F86-80D3-D14B180C9C84} = {D9CB1043-A291-4F86-80D3-D14B180C9C84}
	EndProjectSection
EndProject
Project("{FAE04EC0-301F-11D3-BF4B-00C04F79EFBC}") = "ContasAPagar.test", "ContasAPagar.test\ContasAPagar.test.csproj", "{09DF5FFF-67DF-4F06-9F73-354714F2C171}"
	ProjectSection(ProjectDependencies) = postProject
		{02497F47-6247-4F5C-A074-D811EDCE943E} = {02497F47-6247-4F5C-A074-D811EDCE943E}
		{1DE871AA-1494-46FE-91C1-D47BCA72FB0F} = {1DE871AA-1494-46FE-91C1-D47BCA72FB0F}
		{457B77E3-3A99-4004-BEB2-65ABF0FDEE5E} = {457B77E3-3A99-4004-BEB2-65ABF0FDEE5E}
		{D9CB1043-A291-4F86-80D3-D14B180C9C84} = {D9CB1043-A291-4F86-80D3-D14B180C9C84}
	EndProjectSection
EndProject
Global
	GlobalSection(SolutionConfigurationPlatforms) = preSolution
		Debug|Any CPU = Debug|Any CPU
		Release|Any CPU = Release|Any CPU
	EndGlobalSection
	GlobalSection(ProjectConfigurationPlatforms) = postSolution
		{1DE871AA-1494-46FE-91C1-D47BCA72FB0F}.Debug|Any CPU.ActiveCfg = Debug|Any CPU
		{1DE871AA-1494-46FE-91C1-D47BCA72FB0F}.Debug|Any CPU.Build.0 = Debug|Any CPU
		{1DE871AA-1494-46FE-91C1-D47BCA72FB0F}.Release|Any CPU.ActiveCfg = Release|Any CPU
		{1DE871AA-1494-46FE-91C1-D47BCA72FB0F}.Release|Any CPU.Build.0 = Release|Any CPU
		{457B77E3-3A99-4004-BEB2-65ABF0FDEE5E}.Debug|Any CPU.ActiveCfg = Debug|Any CPU
		{457B77E3-3A99-4004-BEB2-65ABF0FDEE5E}.Debug|Any CPU.Build.0 = Debug|Any CPU
		{457B77E3-3A99-4004-BEB2-65ABF0FDEE5E}.Release|Any CPU.ActiveCfg = Release|Any CPU
		{457B77E3-3A99-4004-BEB2-65ABF0FDEE5E}.Release|Any CPU.Build.0 = Release|Any CPU
		{D9CB1043-A291-4F86-80D3-D14B180C9C84}.Debug|Any CPU.ActiveCfg = Debug|Any CPU
		{D9CB1043-A291-4F86-80D3-D14B180C9C84}.Debug|Any CPU.Build.0 = Debug|Any CPU
		{D9CB1043-A291-4F86-80D3-D14B180C9C84}.Release|Any CPU.ActiveCfg = Release|Any CPU
		{D9CB1043-A291-4F86-80D3-D14B180C9C84}.Release|Any CPU.Build.0 = Release|Any CPU
		{02497F47-6247-4F5C-A074-D811EDCE943E}.Debug|Any CPU.ActiveCfg = Debug|Any CPU
		{02497F47-6247-4F5C-A074-D811EDCE943E}.Debug|Any CPU.Build.0 = Debug|Any CPU
		{02497F47-6247-4F5C-A074-D811EDCE943E}.Release|Any CPU.ActiveCfg = Release|Any CPU
		{02497F47-6247-4F5C-A074-D811EDCE943E}.Release|Any CPU.Build.0 = Release|Any CPU
		{09DF5FFF-67DF-4F06-9F73-354714F2C171}.Debug|Any CPU.ActiveCfg = Debug|Any CPU
		{09DF5FFF-67DF-4F06-9F73-354714F2C171}.Debug|Any CPU.Build.0 = Debug|Any CPU
		{09DF5FFF-67DF-4F06-9F73-354714F2C171}.Release|Any CPU.ActiveCfg = Release|Any CPU
		{09DF5FFF-67DF-4F06-9F73-354714F2C171}.Release|Any CPU.Build.0 = Release|Any CPU
	EndGlobalSection
	GlobalSection(SolutionProperties) = preSolution
		HideSolutionNode = FALSE
	EndGlobalSection
	GlobalSection(ExtensibilityGlobals) = postSolution
		SolutionGuid = {26A8E5B0-C677-4258-B3D1-D091B31BC224}
	EndGlobalSection
EndGlobal
